{
  "nodes": {
    "nixpkgs": {
      "locked": {
        "lastModified": 1756490048,
        "narHash": "sha256-sbzXTK9ywx2ObDh4YCPHjY0lrrb0i94fgSxhygfnVfk=",
        "owner": "yevklim",
        "repo": "nixpkgs",
        "rev": "34aa610f5d75cb23407f2faec39e98a88feacf6b",
        "type": "github"
      },
      "original": {
        "owner": "yevklim",
        "ref": "2025-08-29",
        "repo": "nixpkgs",
        "type": "github"
      }
    },
    "root": {
      "inputs": {
        "nixpkgs": "nixpkgs"
      }
    }
  },
  "root": "root",
  "version": 7
}
