{
  "nodes": {
    "nixpkgs": {
      "locked": {
        "lastModified": 1746170745,
        "narHash": "sha256-88tHGs1eRStdtyT7L2CYhHjyzxE1lcx/7FYgfgaNMos=",
        "owner": "yevklim",
        "repo": "nixpkgs",
        "rev": "3febc9365c20d3157323d5e288904df0ed51443a",
        "type": "github"
      },
      "original": {
        "owner": "yevklim",
        "ref": "master",
        "repo": "nixpkgs",
        "type": "github"
      }
    },
    "root": {
      "inputs": {
        "nixpkgs": "nixpkgs"
      }
    }
  },
  "root": "root",
  "version": 7
}
