{
  "nodes": {
    "nixpkgs": {
      "locked": {
        "lastModified": 1747648020,
        "narHash": "sha256-a4HPkqW4lE0RWY/L8+x4k5IGrgZcnOTul9CgGdd2Fcw=",
        "owner": "yevklim",
        "repo": "nixpkgs",
        "rev": "8831cf6df637d566d0e57ac837a9ece885f10c0c",
        "type": "github"
      },
      "original": {
        "owner": "yevklim",
        "ref": "2025-05-19",
        "repo": "nixpkgs",
        "type": "github"
      }
    },
    "root": {
      "inputs": {
        "nixpkgs": "nixpkgs"
      }
    }
  },
  "root": "root",
  "version": 7
}
